
Microsoft Visual Studio Solution File, Format Version 12.00
# Visual Studio Version 16
VisualStudioVersion = 16.0.29920.165
MinimumVisualStudioVersion = 10.0.40219.1
Project("{FAE04EC0-301F-11D3-BF4B-00C04F79EFBC}") = "IEMEDEBE.AdminWebService", "IEMEDEBE.AdminWebService\IEMEDEBE.AdminWebService.csproj", "{FCE9D175-2EE4-4609-A70C-0BBC7417C477}"
EndProject
Project("{FAE04EC0-301F-11D3-BF4B-00C04F79EFBC}") = "USERPROXY.WebService", "USERPROXY.WebService\USERPROXY.WebService.csproj", "{6A1C7A32-F835-482D-AC6E-6BE5834F99B2}"
EndProject
Project("{FAE04EC0-301F-11D3-BF4B-00C04F79EFBC}") = "IEMEDEBE.BusinessLogic.Interface", "IEMEDEBE.BusinessLogic.Interface\IEMEDEBE.BusinessLogic.Interface.csproj", "{BD25923D-6900-45C9-99AA-F41A921A664B}"
EndProject
Project("{FAE04EC0-301F-11D3-BF4B-00C04F79EFBC}") = "IEMEDEBE.BusinessLogic", "IEMEDEBE.BusinessLogic\IEMEDEBE.BusinessLogic.csproj", "{6BA4AE7C-F9C1-485E-BD2C-7135FE3FDE9C}"
EndProject
Project("{FAE04EC0-301F-11D3-BF4B-00C04F79EFBC}") = "IEMEDEBE.IRepository", "IEMEDEBE.IRepository\IEMEDEBE.IRepository.csproj", "{2ED09E89-EF57-4094-ABB4-35FB806BF626}"
EndProject
Project("{FAE04EC0-301F-11D3-BF4B-00C04F79EFBC}") = "IEMEDEBE.Repository", "IEMEDEBE.Repository\IEMEDEBE.Repository.csproj", "{102C5CCD-C603-4D8C-83E2-28ECD86AD646}"
EndProject
Project("{FAE04EC0-301F-11D3-BF4B-00C04F79EFBC}") = "IEMEDEBE.Domain", "IEMEDEBE.Domain\IEMEDEBE.Domain.csproj", "{781EDC02-6944-4AE0-B1D5-0D1779011CB7}"
EndProject
Global
	GlobalSection(SolutionConfigurationPlatforms) = preSolution
		Debug|Any CPU = Debug|Any CPU
		Release|Any CPU = Release|Any CPU
	EndGlobalSection
	GlobalSection(ProjectConfigurationPlatforms) = postSolution
		{FCE9D175-2EE4-4609-A70C-0BBC7417C477}.Debug|Any CPU.ActiveCfg = Debug|Any CPU
		{FCE9D175-2EE4-4609-A70C-0BBC7417C477}.Debug|Any CPU.Build.0 = Debug|Any CPU
		{FCE9D175-2EE4-4609-A70C-0BBC7417C477}.Release|Any CPU.ActiveCfg = Release|Any CPU
		{FCE9D175-2EE4-4609-A70C-0BBC7417C477}.Release|Any CPU.Build.0 = Release|Any CPU
		{6A1C7A32-F835-482D-AC6E-6BE5834F99B2}.Debug|Any CPU.ActiveCfg = Debug|Any CPU
		{6A1C7A32-F835-482D-AC6E-6BE5834F99B2}.Debug|Any CPU.Build.0 = Debug|Any CPU
		{6A1C7A32-F835-482D-AC6E-6BE5834F99B2}.Release|Any CPU.ActiveCfg = Release|Any CPU
		{6A1C7A32-F835-482D-AC6E-6BE5834F99B2}.Release|Any CPU.Build.0 = Release|Any CPU
		{BD25923D-6900-45C9-99AA-F41A921A664B}.Debug|Any CPU.ActiveCfg = Debug|Any CPU
		{BD25923D-6900-45C9-99AA-F41A921A664B}.Debug|Any CPU.Build.0 = Debug|Any CPU
		{BD25923D-6900-45C9-99AA-F41A921A664B}.Release|Any CPU.ActiveCfg = Release|Any CPU
		{BD25923D-6900-45C9-99AA-F41A921A664B}.Release|Any CPU.Build.0 = Release|Any CPU
		{6BA4AE7C-F9C1-485E-BD2C-7135FE3FDE9C}.Debug|Any CPU.ActiveCfg = Debug|Any CPU
		{6BA4AE7C-F9C1-485E-BD2C-7135FE3FDE9C}.Debug|Any CPU.Build.0 = Debug|Any CPU
		{6BA4AE7C-F9C1-485E-BD2C-7135FE3FDE9C}.Release|Any CPU.ActiveCfg = Release|Any CPU
		{6BA4AE7C-F9C1-485E-BD2C-7135FE3FDE9C}.Release|Any CPU.Build.0 = Release|Any CPU
		{2ED09E89-EF57-4094-ABB4-35FB806BF626}.Debug|Any CPU.ActiveCfg = Debug|Any CPU
		{2ED09E89-EF57-4094-ABB4-35FB806BF626}.Debug|Any CPU.Build.0 = Debug|Any CPU
		{2ED09E89-EF57-4094-ABB4-35FB806BF626}.Release|Any CPU.ActiveCfg = Release|Any CPU
		{2ED09E89-EF57-4094-ABB4-35FB806BF626}.Release|Any CPU.Build.0 = Release|Any CPU
		{102C5CCD-C603-4D8C-83E2-28ECD86AD646}.Debug|Any CPU.ActiveCfg = Debug|Any CPU
		{102C5CCD-C603-4D8C-83E2-28ECD86AD646}.Debug|Any CPU.Build.0 = Debug|Any CPU
		{102C5CCD-C603-4D8C-83E2-28ECD86AD646}.Release|Any CPU.ActiveCfg = Release|Any CPU
		{102C5CCD-C603-4D8C-83E2-28ECD86AD646}.Release|Any CPU.Build.0 = Release|Any CPU
		{781EDC02-6944-4AE0-B1D5-0D1779011CB7}.Debug|Any CPU.ActiveCfg = Debug|Any CPU
		{781EDC02-6944-4AE0-B1D5-0D1779011CB7}.Debug|Any CPU.Build.0 = Debug|Any CPU
		{781EDC02-6944-4AE0-B1D5-0D1779011CB7}.Release|Any CPU.ActiveCfg = Release|Any CPU
		{781EDC02-6944-4AE0-B1D5-0D1779011CB7}.Release|Any CPU.Build.0 = Release|Any CPU
	EndGlobalSection
	GlobalSection(SolutionProperties) = preSolution
		HideSolutionNode = FALSE
	EndGlobalSection
	GlobalSection(ExtensibilityGlobals) = postSolution
		SolutionGuid = {1B7E873A-C790-487D-B901-92AF758A5952}
	EndGlobalSection
EndGlobal
